
Microsoft Visual Studio Solution File, Format Version 12.00
# Visual Studio 15
VisualStudioVersion = 15.0.27703.2035
MinimumVisualStudioVersion = 10.0.40219.1
Project("{FAE04EC0-301F-11D3-BF4B-00C04F79EFBC}") = "Wordfinder.Android", "Wordfinder\Wordfinder.Android\Wordfinder.Android.csproj", "{B7C7A126-AAC3-427A-A217-CC9F00FC922B}"
EndProject
Project("{FAE04EC0-301F-11D3-BF4B-00C04F79EFBC}") = "Wordfinder.iOS", "Wordfinder\Wordfinder.iOS\Wordfinder.iOS.csproj", "{09220C7E-EAD5-49A6-9794-DBDEB49EB42C}"
EndProject
Project("{FAE04EC0-301F-11D3-BF4B-00C04F79EFBC}") = "Wordfinder.UWP", "Wordfinder\Wordfinder.UWP\Wordfinder.UWP.csproj", "{2B343374-D975-4D7D-AFD0-93EECD12AC6E}"
EndProject
Project("{9A19103F-16F7-4668-BE54-9A1E7A4F7556}") = "Wordfinder", "Wordfinder\Wordfinder\Wordfinder.csproj", "{2926134A-1D33-4D96-BB33-C09822973DCE}"
EndProject
Global
	GlobalSection(SolutionConfigurationPlatforms) = preSolution
		Ad-Hoc|Any CPU = Ad-Hoc|Any CPU
		Ad-Hoc|ARM = Ad-Hoc|ARM
		Ad-Hoc|iPhone = Ad-Hoc|iPhone
		Ad-Hoc|iPhoneSimulator = Ad-Hoc|iPhoneSimulator
		Ad-Hoc|x64 = Ad-Hoc|x64
		Ad-Hoc|x86 = Ad-Hoc|x86
		AppStore|Any CPU = AppStore|Any CPU
		AppStore|ARM = AppStore|ARM
		AppStore|iPhone = AppStore|iPhone
		AppStore|iPhoneSimulator = AppStore|iPhoneSimulator
		AppStore|x64 = AppStore|x64
		AppStore|x86 = AppStore|x86
		Debug|Any CPU = Debug|Any CPU
		Debug|ARM = Debug|ARM
		Debug|iPhone = Debug|iPhone
		Debug|iPhoneSimulator = Debug|iPhoneSimulator
		Debug|x64 = Debug|x64
		Debug|x86 = Debug|x86
		Release|Any CPU = Release|Any CPU
		Release|ARM = Release|ARM
		Release|iPhone = Release|iPhone
		Release|iPhoneSimulator = Release|iPhoneSimulator
		Release|x64 = Release|x64
		Release|x86 = Release|x86
	EndGlobalSection
	GlobalSection(ProjectConfigurationPlatforms) = postSolution
		{B7C7A126-AAC3-427A-A217-CC9F00FC922B}.Ad-Hoc|Any CPU.ActiveCfg = Release|Any CPU
		{B7C7A126-AAC3-427A-A217-CC9F00FC922B}.Ad-Hoc|Any CPU.Build.0 = Release|Any CPU
		{B7C7A126-AAC3-427A-A217-CC9F00FC922B}.Ad-Hoc|Any CPU.Deploy.0 = Release|Any CPU
		{B7C7A126-AAC3-427A-A217-CC9F00FC922B}.Ad-Hoc|ARM.ActiveCfg = Release|Any CPU
		{B7C7A126-AAC3-427A-A217-CC9F00FC922B}.Ad-Hoc|ARM.Build.0 = Release|Any CPU
		{B7C7A126-AAC3-427A-A217-CC9F00FC922B}.Ad-Hoc|ARM.Deploy.0 = Release|Any CPU
		{B7C7A126-AAC3-427A-A217-CC9F00FC922B}.Ad-Hoc|iPhone.ActiveCfg = Release|Any CPU
		{B7C7A126-AAC3-427A-A217-CC9F00FC922B}.Ad-Hoc|iPhone.Build.0 = Release|Any CPU
		{B7C7A126-AAC3-427A-A217-CC9F00FC922B}.Ad-Hoc|iPhone.Deploy.0 = Release|Any CPU
		{B7C7A126-AAC3-427A-A217-CC9F00FC922B}.Ad-Hoc|iPhoneSimulator.ActiveCfg = Release|Any CPU
		{B7C7A126-AAC3-427A-A217-CC9F00FC922B}.Ad-Hoc|iPhoneSimulator.Build.0 = Release|Any CPU
		{B7C7A126-AAC3-427A-A217-CC9F00FC922B}.Ad-Hoc|iPhoneSimulator.Deploy.0 = Release|Any CPU
		{B7C7A126-AAC3-427A-A217-CC9F00FC922B}.Ad-Hoc|x64.ActiveCfg = Release|Any CPU
		{B7C7A126-AAC3-427A-A217-CC9F00FC922B}.Ad-Hoc|x64.Build.0 = Release|Any CPU
		{B7C7A126-AAC3-427A-A217-CC9F00FC922B}.Ad-Hoc|x64.Deploy.0 = Release|Any CPU
		{B7C7A126-AAC3-427A-A217-CC9F00FC922B}.Ad-Hoc|x86.ActiveCfg = Release|Any CPU
		{B7C7A126-AAC3-427A-A217-CC9F00FC922B}.Ad-Hoc|x86.Build.0 = Release|Any CPU
		{B7C7A126-AAC3-427A-A217-CC9F00FC922B}.Ad-Hoc|x86.Deploy.0 = Release|Any CPU
		{B7C7A126-AAC3-427A-A217-CC9F00FC922B}.AppStore|Any CPU.ActiveCfg = Release|Any CPU
		{B7C7A126-AAC3-427A-A217-CC9F00FC922B}.AppStore|Any CPU.Build.0 = Release|Any CPU
		{B7C7A126-AAC3-427A-A217-CC9F00FC922B}.AppStore|Any CPU.Deploy.0 = Release|Any CPU
		{B7C7A126-AAC3-427A-A217-CC9F00FC922B}.AppStore|ARM.ActiveCfg = Release|Any CPU
		{B7C7A126-AAC3-427A-A217-CC9F00FC922B}.AppStore|ARM.Build.0 = Release|Any CPU
		{B7C7A126-AAC3-427A-A217-CC9F00FC922B}.AppStore|ARM.Deploy.0 = Release|Any CPU
		{B7C7A126-AAC3-427A-A217-CC9F00FC922B}.AppStore|iPhone.ActiveCfg = Release|Any CPU
		{B7C7A126-AAC3-427A-A217-CC9F00FC922B}.AppStore|iPhone.Build.0 = Release|Any CPU
		{B7C7A126-AAC3-427A-A217-CC9F00FC922B}.AppStore|iPhone.Deploy.0 = Release|Any CPU
		{B7C7A126-AAC3-427A-A217-CC9F00FC922B}.AppStore|iPhoneSimulator.ActiveCfg = Release|Any CPU
		{B7C7A126-AAC3-427A-A217-CC9F00FC922B}.AppStore|iPhoneSimulator.Build.0 = Release|Any CPU
		{B7C7A126-AAC3-427A-A217-CC9F00FC922B}.AppStore|iPhoneSimulator.Deploy.0 = Release|Any CPU
		{B7C7A126-AAC3-427A-A217-CC9F00FC922B}.AppStore|x64.ActiveCfg = Release|Any CPU
		{B7C7A126-AAC3-427A-A217-CC9F00FC922B}.AppStore|x64.Build.0 = Release|Any CPU
		{B7C7A126-AAC3-427A-A217-CC9F00FC922B}.AppStore|x64.Deploy.0 = Release|Any CPU
		{B7C7A126-AAC3-427A-A217-CC9F00FC922B}.AppStore|x86.ActiveCfg = Release|Any CPU
		{B7C7A126-AAC3-427A-A217-CC9F00FC922B}.AppStore|x86.Build.0 = Release|Any CPU
		{B7C7A126-AAC3-427A-A217-CC9F00FC922B}.AppStore|x86.Deploy.0 = Release|Any CPU
		{B7C7A126-AAC3-427A-A217-CC9F00FC922B}.Debug|Any CPU.ActiveCfg = Debug|Any CPU
		{B7C7A126-AAC3-427A-A217-CC9F00FC922B}.Debug|Any CPU.Build.0 = Debug|Any CPU
		{B7C7A126-AAC3-427A-A217-CC9F00FC922B}.Debug|Any CPU.Deploy.0 = Debug|Any CPU
		{B7C7A126-AAC3-427A-A217-CC9F00FC922B}.Debug|ARM.ActiveCfg = Debug|Any CPU
		{B7C7A126-AAC3-427A-A217-CC9F00FC922B}.Debug|ARM.Build.0 = Debug|Any CPU
		{B7C7A126-AAC3-427A-A217-CC9F00FC922B}.Debug|ARM.Deploy.0 = Debug|Any CPU
		{B7C7A126-AAC3-427A-A217-CC9F00FC922B}.Debug|iPhone.ActiveCfg = Debug|Any CPU
		{B7C7A126-AAC3-427A-A217-CC9F00FC922B}.Debug|iPhone.Build.0 = Debug|Any CPU
		{B7C7A126-AAC3-427A-A217-CC9F00FC922B}.Debug|iPhone.Deploy.0 = Debug|Any CPU
		{B7C7A126-AAC3-427A-A217-CC9F00FC922B}.Debug|iPhoneSimulator.ActiveCfg = Debug|Any CPU
		{B7C7A126-AAC3-427A-A217-CC9F00FC922B}.Debug|iPhoneSimulator.Build.0 = Debug|Any CPU
		{B7C7A126-AAC3-427A-A217-CC9F00FC922B}.Debug|iPhoneSimulator.Deploy.0 = Debug|Any CPU
		{B7C7A126-AAC3-427A-A217-CC9F00FC922B}.Debug|x64.ActiveCfg = Debug|Any CPU
		{B7C7A126-AAC3-427A-A217-CC9F00FC922B}.Debug|x64.Build.0 = Debug|Any CPU
		{B7C7A126-AAC3-427A-A217-CC9F00FC922B}.Debug|x64.Deploy.0 = Debug|Any CPU
		{B7C7A126-AAC3-427A-A217-CC9F00FC922B}.Debug|x86.ActiveCfg = Debug|Any CPU
		{B7C7A126-AAC3-427A-A217-CC9F00FC922B}.Debug|x86.Build.0 = Debug|Any CPU
		{B7C7A126-AAC3-427A-A217-CC9F00FC922B}.Debug|x86.Deploy.0 = Debug|Any CPU
		{B7C7A126-AAC3-427A-A217-CC9F00FC922B}.Release|Any CPU.ActiveCfg = Release|Any CPU
		{B7C7A126-AAC3-427A-A217-CC9F00FC922B}.Release|Any CPU.Build.0 = Release|Any CPU
		{B7C7A126-AAC3-427A-A217-CC9F00FC922B}.Release|Any CPU.Deploy.0 = Release|Any CPU
		{B7C7A126-AAC3-427A-A217-CC9F00FC922B}.Release|ARM.ActiveCfg = Release|Any CPU
		{B7C7A126-AAC3-427A-A217-CC9F00FC922B}.Release|ARM.Build.0 = Release|Any CPU
		{B7C7A126-AAC3-427A-A217-CC9F00FC922B}.Release|ARM.Deploy.0 = Release|Any CPU
		{B7C7A126-AAC3-427A-A217-CC9F00FC922B}.Release|iPhone.ActiveCfg = Release|Any CPU
		{B7C7A126-AAC3-427A-A217-CC9F00FC922B}.Release|iPhone.Build.0 = Release|Any CPU
		{B7C7A126-AAC3-427A-A217-CC9F00FC922B}.Release|iPhone.Deploy.0 = Release|Any CPU
		{B7C7A126-AAC3-427A-A217-CC9F00FC922B}.Release|iPhoneSimulator.ActiveCfg = Release|Any CPU
		{B7C7A126-AAC3-427A-A217-CC9F00FC922B}.Release|iPhoneSimulator.Build.0 = Release|Any CPU
		{B7C7A126-AAC3-427A-A217-CC9F00FC922B}.Release|iPhoneSimulator.Deploy.0 = Release|Any CPU
		{B7C7A126-AAC3-427A-A217-CC9F00FC922B}.Release|x64.ActiveCfg = Release|Any CPU
		{B7C7A126-AAC3-427A-A217-CC9F00FC922B}.Release|x64.Build.0 = Release|Any CPU
		{B7C7A126-AAC3-427A-A217-CC9F00FC922B}.Release|x64.Deploy.0 = Release|Any CPU
		{B7C7A126-AAC3-427A-A217-CC9F00FC922B}.Release|x86.ActiveCfg = Release|Any CPU
		{B7C7A126-AAC3-427A-A217-CC9F00FC922B}.Release|x86.Build.0 = Release|Any CPU
		{B7C7A126-AAC3-427A-A217-CC9F00FC922B}.Release|x86.Deploy.0 = Release|Any CPU
		{09220C7E-EAD5-49A6-9794-DBDEB49EB42C}.Ad-Hoc|Any CPU.ActiveCfg = Ad-Hoc|iPhone
		{09220C7E-EAD5-49A6-9794-DBDEB49EB42C}.Ad-Hoc|Any CPU.Build.0 = Ad-Hoc|iPhone
		{09220C7E-EAD5-49A6-9794-DBDEB49EB42C}.Ad-Hoc|Any CPU.Deploy.0 = Ad-Hoc|iPhone
		{09220C7E-EAD5-49A6-9794-DBDEB49EB42C}.Ad-Hoc|ARM.ActiveCfg = Ad-Hoc|iPhone
		{09220C7E-EAD5-49A6-9794-DBDEB49EB42C}.Ad-Hoc|ARM.Build.0 = Ad-Hoc|iPhone
		{09220C7E-EAD5-49A6-9794-DBDEB49EB42C}.Ad-Hoc|ARM.Deploy.0 = Ad-Hoc|iPhone
		{09220C7E-EAD5-49A6-9794-DBDEB49EB42C}.Ad-Hoc|iPhone.ActiveCfg = Ad-Hoc|iPhone
		{09220C7E-EAD5-49A6-9794-DBDEB49EB42C}.Ad-Hoc|iPhone.Build.0 = Ad-Hoc|iPhone
		{09220C7E-EAD5-49A6-9794-DBDEB49EB42C}.Ad-Hoc|iPhone.Deploy.0 = Ad-Hoc|iPhone
		{09220C7E-EAD5-49A6-9794-DBDEB49EB42C}.Ad-Hoc|iPhoneSimulator.ActiveCfg = Ad-Hoc|iPhoneSimulator
		{09220C7E-EAD5-49A6-9794-DBDEB49EB42C}.Ad-Hoc|iPhoneSimulator.Build.0 = Ad-Hoc|iPhoneSimulator
		{09220C7E-EAD5-49A6-9794-DBDEB49EB42C}.Ad-Hoc|iPhoneSimulator.Deploy.0 = Ad-Hoc|iPhoneSimulator
		{09220C7E-EAD5-49A6-9794-DBDEB49EB42C}.Ad-Hoc|x64.ActiveCfg = Ad-Hoc|iPhone
		{09220C7E-EAD5-49A6-9794-DBDEB49EB42C}.Ad-Hoc|x64.Build.0 = Ad-Hoc|iPhone
		{09220C7E-EAD5-49A6-9794-DBDEB49EB42C}.Ad-Hoc|x64.Deploy.0 = Ad-Hoc|iPhone
		{09220C7E-EAD5-49A6-9794-DBDEB49EB42C}.Ad-Hoc|x86.ActiveCfg = Ad-Hoc|iPhone
		{09220C7E-EAD5-49A6-9794-DBDEB49EB42C}.Ad-Hoc|x86.Build.0 = Ad-Hoc|iPhone
		{09220C7E-EAD5-49A6-9794-DBDEB49EB42C}.Ad-Hoc|x86.Deploy.0 = Ad-Hoc|iPhone
		{09220C7E-EAD5-49A6-9794-DBDEB49EB42C}.AppStore|Any CPU.ActiveCfg = AppStore|iPhone
		{09220C7E-EAD5-49A6-9794-DBDEB49EB42C}.AppStore|Any CPU.Build.0 = AppStore|iPhone
		{09220C7E-EAD5-49A6-9794-DBDEB49EB42C}.AppStore|Any CPU.Deploy.0 = AppStore|iPhone
		{09220C7E-EAD5-49A6-9794-DBDEB49EB42C}.AppStore|ARM.ActiveCfg = AppStore|iPhone
		{09220C7E-EAD5-49A6-9794-DBDEB49EB42C}.AppStore|ARM.Build.0 = AppStore|iPhone
		{09220C7E-EAD5-49A6-9794-DBDEB49EB42C}.AppStore|ARM.Deploy.0 = AppStore|iPhone
		{09220C7E-EAD5-49A6-9794-DBDEB49EB42C}.AppStore|iPhone.ActiveCfg = AppStore|iPhone
		{09220C7E-EAD5-49A6-9794-DBDEB49EB42C}.AppStore|iPhone.Build.0 = AppStore|iPhone
		{09220C7E-EAD5-49A6-9794-DBDEB49EB42C}.AppStore|iPhone.Deploy.0 = AppStore|iPhone
		{09220C7E-EAD5-49A6-9794-DBDEB49EB42C}.AppStore|iPhoneSimulator.ActiveCfg = AppStore|iPhoneSimulator
		{09220C7E-EAD5-49A6-9794-DBDEB49EB42C}.AppStore|iPhoneSimulator.Build.0 = AppStore|iPhoneSimulator
		{09220C7E-EAD5-49A6-9794-DBDEB49EB42C}.AppStore|iPhoneSimulator.Deploy.0 = AppStore|iPhoneSimulator
		{09220C7E-EAD5-49A6-9794-DBDEB49EB42C}.AppStore|x64.ActiveCfg = AppStore|iPhone
		{09220C7E-EAD5-49A6-9794-DBDEB49EB42C}.AppStore|x64.Build.0 = AppStore|iPhone
		{09220C7E-EAD5-49A6-9794-DBDEB49EB42C}.AppStore|x64.Deploy.0 = AppStore|iPhone
		{09220C7E-EAD5-49A6-9794-DBDEB49EB42C}.AppStore|x86.ActiveCfg = AppStore|iPhone
		{09220C7E-EAD5-49A6-9794-DBDEB49EB42C}.AppStore|x86.Build.0 = AppStore|iPhone
		{09220C7E-EAD5-49A6-9794-DBDEB49EB42C}.AppStore|x86.Deploy.0 = AppStore|iPhone
		{09220C7E-EAD5-49A6-9794-DBDEB49EB42C}.Debug|Any CPU.ActiveCfg = Debug|iPhoneSimulator
		{09220C7E-EAD5-49A6-9794-DBDEB49EB42C}.Debug|Any CPU.Build.0 = Debug|iPhoneSimulator
		{09220C7E-EAD5-49A6-9794-DBDEB49EB42C}.Debug|Any CPU.Deploy.0 = Debug|iPhoneSimulator
		{09220C7E-EAD5-49A6-9794-DBDEB49EB42C}.Debug|ARM.ActiveCfg = Debug|iPhone
		{09220C7E-EAD5-49A6-9794-DBDEB49EB42C}.Debug|ARM.Build.0 = Debug|iPhone
		{09220C7E-EAD5-49A6-9794-DBDEB49EB42C}.Debug|ARM.Deploy.0 = Debug|iPhone
		{09220C7E-EAD5-49A6-9794-DBDEB49EB42C}.Debug|iPhone.ActiveCfg = Debug|iPhone
		{09220C7E-EAD5-49A6-9794-DBDEB49EB42C}.Debug|iPhone.Build.0 = Debug|iPhone
		{09220C7E-EAD5-49A6-9794-DBDEB49EB42C}.Debug|iPhone.Deploy.0 = Debug|iPhone
		{09220C7E-EAD5-49A6-9794-DBDEB49EB42C}.Debug|iPhoneSimulator.ActiveCfg = Debug|iPhoneSimulator
		{09220C7E-EAD5-49A6-9794-DBDEB49EB42C}.Debug|iPhoneSimulator.Build.0 = Debug|iPhoneSimulator
		{09220C7E-EAD5-49A6-9794-DBDEB49EB42C}.Debug|iPhoneSimulator.Deploy.0 = Debug|iPhoneSimulator
		{09220C7E-EAD5-49A6-9794-DBDEB49EB42C}.Debug|x64.ActiveCfg = Debug|iPhone
		{09220C7E-EAD5-49A6-9794-DBDEB49EB42C}.Debug|x64.Build.0 = Debug|iPhone
		{09220C7E-EAD5-49A6-9794-DBDEB49EB42C}.Debug|x64.Deploy.0 = Debug|iPhone
		{09220C7E-EAD5-49A6-9794-DBDEB49EB42C}.Debug|x86.ActiveCfg = Debug|iPhone
		{09220C7E-EAD5-49A6-9794-DBDEB49EB42C}.Debug|x86.Build.0 = Debug|iPhone
		{09220C7E-EAD5-49A6-9794-DBDEB49EB42C}.Debug|x86.Deploy.0 = Debug|iPhone
		{09220C7E-EAD5-49A6-9794-DBDEB49EB42C}.Release|Any CPU.ActiveCfg = Release|iPhone
		{09220C7E-EAD5-49A6-9794-DBDEB49EB42C}.Release|Any CPU.Build.0 = Release|iPhone
		{09220C7E-EAD5-49A6-9794-DBDEB49EB42C}.Release|Any CPU.Deploy.0 = Release|iPhone
		{09220C7E-EAD5-49A6-9794-DBDEB49EB42C}.Release|ARM.ActiveCfg = Release|iPhone
		{09220C7E-EAD5-49A6-9794-DBDEB49EB42C}.Release|ARM.Build.0 = Release|iPhone
		{09220C7E-EAD5-49A6-9794-DBDEB49EB42C}.Release|ARM.Deploy.0 = Release|iPhone
		{09220C7E-EAD5-49A6-9794-DBDEB49EB42C}.Release|iPhone.ActiveCfg = Release|iPhone
		{09220C7E-EAD5-49A6-9794-DBDEB49EB42C}.Release|iPhone.Build.0 = Release|iPhone
		{09220C7E-EAD5-49A6-9794-DBDEB49EB42C}.Release|iPhone.Deploy.0 = Release|iPhone
		{09220C7E-EAD5-49A6-9794-DBDEB49EB42C}.Release|iPhoneSimulator.ActiveCfg = Release|iPhoneSimulator
		{09220C7E-EAD5-49A6-9794-DBDEB49EB42C}.Release|iPhoneSimulator.Build.0 = Release|iPhoneSimulator
		{09220C7E-EAD5-49A6-9794-DBDEB49EB42C}.Release|iPhoneSimulator.Deploy.0 = Release|iPhoneSimulator
		{09220C7E-EAD5-49A6-9794-DBDEB49EB42C}.Release|x64.ActiveCfg = Release|iPhone
		{09220C7E-EAD5-49A6-9794-DBDEB49EB42C}.Release|x64.Build.0 = Release|iPhone
		{09220C7E-EAD5-49A6-9794-DBDEB49EB42C}.Release|x64.Deploy.0 = Release|iPhone
		{09220C7E-EAD5-49A6-9794-DBDEB49EB42C}.Release|x86.ActiveCfg = Release|iPhone
		{09220C7E-EAD5-49A6-9794-DBDEB49EB42C}.Release|x86.Build.0 = Release|iPhone
		{09220C7E-EAD5-49A6-9794-DBDEB49EB42C}.Release|x86.Deploy.0 = Release|iPhone
		{2B343374-D975-4D7D-AFD0-93EECD12AC6E}.Ad-Hoc|Any CPU.ActiveCfg = Release|x86
		{2B343374-D975-4D7D-AFD0-93EECD12AC6E}.Ad-Hoc|Any CPU.Build.0 = Release|x86
		{2B343374-D975-4D7D-AFD0-93EECD12AC6E}.Ad-Hoc|Any CPU.Deploy.0 = Release|x86
		{2B343374-D975-4D7D-AFD0-93EECD12AC6E}.Ad-Hoc|ARM.ActiveCfg = Release|ARM
		{2B343374-D975-4D7D-AFD0-93EECD12AC6E}.Ad-Hoc|ARM.Build.0 = Release|ARM
		{2B343374-D975-4D7D-AFD0-93EECD12AC6E}.Ad-Hoc|ARM.Deploy.0 = Release|ARM
		{2B343374-D975-4D7D-AFD0-93EECD12AC6E}.Ad-Hoc|iPhone.ActiveCfg = Release|x86
		{2B343374-D975-4D7D-AFD0-93EECD12AC6E}.Ad-Hoc|iPhone.Build.0 = Release|x86
		{2B343374-D975-4D7D-AFD0-93EECD12AC6E}.Ad-Hoc|iPhone.Deploy.0 = Release|x86
		{2B343374-D975-4D7D-AFD0-93EECD12AC6E}.Ad-Hoc|iPhoneSimulator.ActiveCfg = Release|x86
		{2B343374-D975-4D7D-AFD0-93EECD12AC6E}.Ad-Hoc|iPhoneSimulator.Build.0 = Release|x86
		{2B343374-D975-4D7D-AFD0-93EECD12AC6E}.Ad-Hoc|iPhoneSimulator.Deploy.0 = Release|x86
		{2B343374-D975-4D7D-AFD0-93EECD12AC6E}.Ad-Hoc|x64.ActiveCfg = Release|x64
		{2B343374-D975-4D7D-AFD0-93EECD12AC6E}.Ad-Hoc|x64.Build.0 = Release|x64
		{2B343374-D975-4D7D-AFD0-93EECD12AC6E}.Ad-Hoc|x64.Deploy.0 = Release|x64
		{2B343374-D975-4D7D-AFD0-93EECD12AC6E}.Ad-Hoc|x86.ActiveCfg = Release|x86
		{2B343374-D975-4D7D-AFD0-93EECD12AC6E}.Ad-Hoc|x86.Build.0 = Release|x86
		{2B343374-D975-4D7D-AFD0-93EECD12AC6E}.Ad-Hoc|x86.Deploy.0 = Release|x86
		{2B343374-D975-4D7D-AFD0-93EECD12AC6E}.AppStore|Any CPU.ActiveCfg = Release|x86
		{2B343374-D975-4D7D-AFD0-93EECD12AC6E}.AppStore|Any CPU.Build.0 = Release|x86
		{2B343374-D975-4D7D-AFD0-93EECD12AC6E}.AppStore|Any CPU.Deploy.0 = Release|x86
		{2B343374-D975-4D7D-AFD0-93EECD12AC6E}.AppStore|ARM.ActiveCfg = Release|ARM
		{2B343374-D975-4D7D-AFD0-93EECD12AC6E}.AppStore|ARM.Build.0 = Release|ARM
		{2B343374-D975-4D7D-AFD0-93EECD12AC6E}.AppStore|ARM.Deploy.0 = Release|ARM
		{2B343374-D975-4D7D-AFD0-93EECD12AC6E}.AppStore|iPhone.ActiveCfg = Release|x86
		{2B343374-D975-4D7D-AFD0-93EECD12AC6E}.AppStore|iPhone.Build.0 = Release|x86
		{2B343374-D975-4D7D-AFD0-93EECD12AC6E}.AppStore|iPhone.Deploy.0 = Release|x86
		{2B343374-D975-4D7D-AFD0-93EECD12AC6E}.AppStore|iPhoneSimulator.ActiveCfg = Release|x86
		{2B343374-D975-4D7D-AFD0-93EECD12AC6E}.AppStore|iPhoneSimulator.Build.0 = Release|x86
		{2B343374-D975-4D7D-AFD0-93EECD12AC6E}.AppStore|iPhoneSimulator.Deploy.0 = Release|x86
		{2B343374-D975-4D7D-AFD0-93EECD12AC6E}.AppStore|x64.ActiveCfg = Release|x64
		{2B343374-D975-4D7D-AFD0-93EECD12AC6E}.AppStore|x64.Build.0 = Release|x64
		{2B343374-D975-4D7D-AFD0-93EECD12AC6E}.AppStore|x64.Deploy.0 = Release|x64
		{2B343374-D975-4D7D-AFD0-93EECD12AC6E}.AppStore|x86.ActiveCfg = Release|x86
		{2B343374-D975-4D7D-AFD0-93EECD12AC6E}.AppStore|x86.Build.0 = Release|x86
		{2B343374-D975-4D7D-AFD0-93EECD12AC6E}.AppStore|x86.Deploy.0 = Release|x86
		{2B343374-D975-4D7D-AFD0-93EECD12AC6E}.Debug|Any CPU.ActiveCfg = Debug|x86
		{2B343374-D975-4D7D-AFD0-93EECD12AC6E}.Debug|Any CPU.Build.0 = Debug|x86
		{2B343374-D975-4D7D-AFD0-93EECD12AC6E}.Debug|Any CPU.Deploy.0 = Debug|x86
		{2B343374-D975-4D7D-AFD0-93EECD12AC6E}.Debug|ARM.ActiveCfg = Debug|ARM
		{2B343374-D975-4D7D-AFD0-93EECD12AC6E}.Debug|ARM.Build.0 = Debug|ARM
		{2B343374-D975-4D7D-AFD0-93EECD12AC6E}.Debug|ARM.Deploy.0 = Debug|ARM
		{2B343374-D975-4D7D-AFD0-93EECD12AC6E}.Debug|iPhone.ActiveCfg = Debug|x86
		{2B343374-D975-4D7D-AFD0-93EECD12AC6E}.Debug|iPhone.Build.0 = Debug|x86
		{2B343374-D975-4D7D-AFD0-93EECD12AC6E}.Debug|iPhone.Deploy.0 = Debug|x86
		{2B343374-D975-4D7D-AFD0-93EECD12AC6E}.Debug|iPhoneSimulator.ActiveCfg = Debug|x86
		{2B343374-D975-4D7D-AFD0-93EECD12AC6E}.Debug|iPhoneSimulator.Build.0 = Debug|x86
		{2B343374-D975-4D7D-AFD0-93EECD12AC6E}.Debug|iPhoneSimulator.Deploy.0 = Debug|x86
		{2B343374-D975-4D7D-AFD0-93EECD12AC6E}.Debug|x64.ActiveCfg = Debug|x64
		{2B343374-D975-4D7D-AFD0-93EECD12AC6E}.Debug|x64.Build.0 = Debug|x64
		{2B343374-D975-4D7D-AFD0-93EECD12AC6E}.Debug|x64.Deploy.0 = Debug|x64
		{2B343374-D975-4D7D-AFD0-93EECD12AC6E}.Debug|x86.ActiveCfg = Debug|x86
		{2B343374-D975-4D7D-AFD0-93EECD12AC6E}.Debug|x86.Build.0 = Debug|x86
		{2B343374-D975-4D7D-AFD0-93EECD12AC6E}.Debug|x86.Deploy.0 = Debug|x86
		{2B343374-D975-4D7D-AFD0-93EECD12AC6E}.Release|Any CPU.ActiveCfg = Release|x86
		{2B343374-D975-4D7D-AFD0-93EECD12AC6E}.Release|Any CPU.Build.0 = Release|x86
		{2B343374-D975-4D7D-AFD0-93EECD12AC6E}.Release|Any CPU.Deploy.0 = Release|x86
		{2B343374-D975-4D7D-AFD0-93EECD12AC6E}.Release|ARM.ActiveCfg = Release|ARM
		{2B343374-D975-4D7D-AFD0-93EECD12AC6E}.Release|ARM.Build.0 = Release|ARM
		{2B343374-D975-4D7D-AFD0-93EECD12AC6E}.Release|ARM.Deploy.0 = Release|ARM
		{2B343374-D975-4D7D-AFD0-93EECD12AC6E}.Release|iPhone.ActiveCfg = Release|x86
		{2B343374-D975-4D7D-AFD0-93EECD12AC6E}.Release|iPhone.Build.0 = Release|x86
		{2B343374-D975-4D7D-AFD0-93EECD12AC6E}.Release|iPhone.Deploy.0 = Release|x86
		{2B343374-D975-4D7D-AFD0-93EECD12AC6E}.Release|iPhoneSimulator.ActiveCfg = Release|x86
		{2B343374-D975-4D7D-AFD0-93EECD12AC6E}.Release|iPhoneSimulator.Build.0 = Release|x86
		{2B343374-D975-4D7D-AFD0-93EECD12AC6E}.Release|iPhoneSimulator.Deploy.0 = Release|x86
		{2B343374-D975-4D7D-AFD0-93EECD12AC6E}.Release|x64.ActiveCfg = Release|x64
		{2B343374-D975-4D7D-AFD0-93EECD12AC6E}.Release|x64.Build.0 = Release|x64
		{2B343374-D975-4D7D-AFD0-93EECD12AC6E}.Release|x64.Deploy.0 = Release|x64
		{2B343374-D975-4D7D-AFD0-93EECD12AC6E}.Release|x86.ActiveCfg = Release|x86
		{2B343374-D975-4D7D-AFD0-93EECD12AC6E}.Release|x86.Build.0 = Release|x86
		{2B343374-D975-4D7D-AFD0-93EECD12AC6E}.Release|x86.Deploy.0 = Release|x86
		{2926134A-1D33-4D96-BB33-C09822973DCE}.Ad-Hoc|Any CPU.ActiveCfg = Debug|Any CPU
		{2926134A-1D33-4D96-BB33-C09822973DCE}.Ad-Hoc|Any CPU.Build.0 = Debug|Any CPU
		{2926134A-1D33-4D96-BB33-C09822973DCE}.Ad-Hoc|Any CPU.Deploy.0 = Debug|Any CPU
		{2926134A-1D33-4D96-BB33-C09822973DCE}.Ad-Hoc|ARM.ActiveCfg = Debug|Any CPU
		{2926134A-1D33-4D96-BB33-C09822973DCE}.Ad-Hoc|ARM.Build.0 = Debug|Any CPU
		{2926134A-1D33-4D96-BB33-C09822973DCE}.Ad-Hoc|ARM.Deploy.0 = Debug|Any CPU
		{2926134A-1D33-4D96-BB33-C09822973DCE}.Ad-Hoc|iPhone.ActiveCfg = Debug|Any CPU
		{2926134A-1D33-4D96-BB33-C09822973DCE}.Ad-Hoc|iPhone.Build.0 = Debug|Any CPU
		{2926134A-1D33-4D96-BB33-C09822973DCE}.Ad-Hoc|iPhone.Deploy.0 = Debug|Any CPU
		{2926134A-1D33-4D96-BB33-C09822973DCE}.Ad-Hoc|iPhoneSimulator.ActiveCfg = Debug|Any CPU
		{2926134A-1D33-4D96-BB33-C09822973DCE}.Ad-Hoc|iPhoneSimulator.Build.0 = Debug|Any CPU
		{2926134A-1D33-4D96-BB33-C09822973DCE}.Ad-Hoc|iPhoneSimulator.Deploy.0 = Debug|Any CPU
		{2926134A-1D33-4D96-BB33-C09822973DCE}.Ad-Hoc|x64.ActiveCfg = Debug|Any CPU
		{2926134A-1D33-4D96-BB33-C09822973DCE}.Ad-Hoc|x64.Build.0 = Debug|Any CPU
		{2926134A-1D33-4D96-BB33-C09822973DCE}.Ad-Hoc|x64.Deploy.0 = Debug|Any CPU
		{2926134A-1D33-4D96-BB33-C09822973DCE}.Ad-Hoc|x86.ActiveCfg = Debug|Any CPU
		{2926134A-1D33-4D96-BB33-C09822973DCE}.Ad-Hoc|x86.Build.0 = Debug|Any CPU
		{2926134A-1D33-4D96-BB33-C09822973DCE}.Ad-Hoc|x86.Deploy.0 = Debug|Any CPU
		{2926134A-1D33-4D96-BB33-C09822973DCE}.AppStore|Any CPU.ActiveCfg = Debug|Any CPU
		{2926134A-1D33-4D96-BB33-C09822973DCE}.AppStore|Any CPU.Build.0 = Debug|Any CPU
		{2926134A-1D33-4D96-BB33-C09822973DCE}.AppStore|Any CPU.Deploy.0 = Debug|Any CPU
		{2926134A-1D33-4D96-BB33-C09822973DCE}.AppStore|ARM.ActiveCfg = Debug|Any CPU
		{2926134A-1D33-4D96-BB33-C09822973DCE}.AppStore|ARM.Build.0 = Debug|Any CPU
		{2926134A-1D33-4D96-BB33-C09822973DCE}.AppStore|ARM.Deploy.0 = Debug|Any CPU
		{2926134A-1D33-4D96-BB33-C09822973DCE}.AppStore|iPhone.ActiveCfg = Debug|Any CPU
		{2926134A-1D33-4D96-BB33-C09822973DCE}.AppStore|iPhone.Build.0 = Debug|Any CPU
		{2926134A-1D33-4D96-BB33-C09822973DCE}.AppStore|iPhone.Deploy.0 = Debug|Any CPU
		{2926134A-1D33-4D96-BB33-C09822973DCE}.AppStore|iPhoneSimulator.ActiveCfg = Debug|Any CPU
		{2926134A-1D33-4D96-BB33-C09822973DCE}.AppStore|iPhoneSimulator.Build.0 = Debug|Any CPU
		{2926134A-1D33-4D96-BB33-C09822973DCE}.AppStore|iPhoneSimulator.Deploy.0 = Debug|Any CPU
		{2926134A-1D33-4D96-BB33-C09822973DCE}.AppStore|x64.ActiveCfg = Debug|Any CPU
		{2926134A-1D33-4D96-BB33-C09822973DCE}.AppStore|x64.Build.0 = Debug|Any CPU
		{2926134A-1D33-4D96-BB33-C09822973DCE}.AppStore|x64.Deploy.0 = Debug|Any CPU
		{2926134A-1D33-4D96-BB33-C09822973DCE}.AppStore|x86.ActiveCfg = Debug|Any CPU
		{2926134A-1D33-4D96-BB33-C09822973DCE}.AppStore|x86.Build.0 = Debug|Any CPU
		{2926134A-1D33-4D96-BB33-C09822973DCE}.AppStore|x86.Deploy.0 = Debug|Any CPU
		{2926134A-1D33-4D96-BB33-C09822973DCE}.Debug|Any CPU.ActiveCfg = Debug|Any CPU
		{2926134A-1D33-4D96-BB33-C09822973DCE}.Debug|Any CPU.Build.0 = Debug|Any CPU
		{2926134A-1D33-4D96-BB33-C09822973DCE}.Debug|Any CPU.Deploy.0 = Debug|Any CPU
		{2926134A-1D33-4D96-BB33-C09822973DCE}.Debug|ARM.ActiveCfg = Debug|Any CPU
		{2926134A-1D33-4D96-BB33-C09822973DCE}.Debug|ARM.Build.0 = Debug|Any CPU
		{2926134A-1D33-4D96-BB33-C09822973DCE}.Debug|ARM.Deploy.0 = Debug|Any CPU
		{2926134A-1D33-4D96-BB33-C09822973DCE}.Debug|iPhone.ActiveCfg = Debug|Any CPU
		{2926134A-1D33-4D96-BB33-C09822973DCE}.Debug|iPhone.Build.0 = Debug|Any CPU
		{2926134A-1D33-4D96-BB33-C09822973DCE}.Debug|iPhone.Deploy.0 = Debug|Any CPU
		{2926134A-1D33-4D96-BB33-C09822973DCE}.Debug|iPhoneSimulator.ActiveCfg = Debug|Any CPU
		{2926134A-1D33-4D96-BB33-C09822973DCE}.Debug|iPhoneSimulator.Build.0 = Debug|Any CPU
		{2926134A-1D33-4D96-BB33-C09822973DCE}.Debug|iPhoneSimulator.Deploy.0 = Debug|Any CPU
		{2926134A-1D33-4D96-BB33-C09822973DCE}.Debug|x64.ActiveCfg = Debug|Any CPU
		{2926134A-1D33-4D96-BB33-C09822973DCE}.Debug|x64.Build.0 = Debug|Any CPU
		{2926134A-1D33-4D96-BB33-C09822973DCE}.Debug|x64.Deploy.0 = Debug|Any CPU
		{2926134A-1D33-4D96-BB33-C09822973DCE}.Debug|x86.ActiveCfg = Debug|Any CPU
		{2926134A-1D33-4D96-BB33-C09822973DCE}.Debug|x86.Build.0 = Debug|Any CPU
		{2926134A-1D33-4D96-BB33-C09822973DCE}.Debug|x86.Deploy.0 = Debug|Any CPU
		{2926134A-1D33-4D96-BB33-C09822973DCE}.Release|Any CPU.ActiveCfg = Release|Any CPU
		{2926134A-1D33-4D96-BB33-C09822973DCE}.Release|Any CPU.Build.0 = Release|Any CPU
		{2926134A-1D33-4D96-BB33-C09822973DCE}.Release|Any CPU.Deploy.0 = Release|Any CPU
		{2926134A-1D33-4D96-BB33-C09822973DCE}.Release|ARM.ActiveCfg = Release|Any CPU
		{2926134A-1D33-4D96-BB33-C09822973DCE}.Release|ARM.Build.0 = Release|Any CPU
		{2926134A-1D33-4D96-BB33-C09822973DCE}.Release|ARM.Deploy.0 = Release|Any CPU
		{2926134A-1D33-4D96-BB33-C09822973DCE}.Release|iPhone.ActiveCfg = Release|Any CPU
		{2926134A-1D33-4D96-BB33-C09822973DCE}.Release|iPhone.Build.0 = Release|Any CPU
		{2926134A-1D33-4D96-BB33-C09822973DCE}.Release|iPhone.Deploy.0 = Release|Any CPU
		{2926134A-1D33-4D96-BB33-C09822973DCE}.Release|iPhoneSimulator.ActiveCfg = Release|Any CPU
		{2926134A-1D33-4D96-BB33-C09822973DCE}.Release|iPhoneSimulator.Build.0 = Release|Any CPU
		{2926134A-1D33-4D96-BB33-C09822973DCE}.Release|iPhoneSimulator.Deploy.0 = Release|Any CPU
		{2926134A-1D33-4D96-BB33-C09822973DCE}.Release|x64.ActiveCfg = Release|Any CPU
		{2926134A-1D33-4D96-BB33-C09822973DCE}.Release|x64.Build.0 = Release|Any CPU
		{2926134A-1D33-4D96-BB33-C09822973DCE}.Release|x64.Deploy.0 = Release|Any CPU
		{2926134A-1D33-4D96-BB33-C09822973DCE}.Release|x86.ActiveCfg = Release|Any CPU
		{2926134A-1D33-4D96-BB33-C09822973DCE}.Release|x86.Build.0 = Release|Any CPU
		{2926134A-1D33-4D96-BB33-C09822973DCE}.Release|x86.Deploy.0 = Release|Any CPU
	EndGlobalSection
	GlobalSection(SolutionProperties) = preSolution
		HideSolutionNode = FALSE
	EndGlobalSection
	GlobalSection(ExtensibilityGlobals) = postSolution
		SolutionGuid = {42F64920-3E63-4E16-95B6-784214EC3193}
	EndGlobalSection
EndGlobal
